
Microsoft Visual Studio Solution File, Format Version 12.00
# Visual Studio Version 16
VisualStudioVersion = 16.0.29920.165
MinimumVisualStudioVersion = 10.0.40219.1
Project("{9A19103F-16F7-4668-BE54-9A1E7A4F7556}") = "CustomRazor", "CustomRazor\CustomRazor.csproj", "{04A189D5-4FA8-41C6-8F19-16C506D1005D}"
EndProject
Global
	GlobalSection(SolutionConfigurationPlatforms) = preSolution
		Debug|Any CPU = Debug|Any CPU
		Release|Any CPU = Release|Any CPU
	EndGlobalSection
	GlobalSection(ProjectConfigurationPlatforms) = postSolution
		{04A189D5-4FA8-41C6-8F19-16C506D1005D}.Debug|Any CPU.ActiveCfg = Debug|Any CPU
		{04A189D5-4FA8-41C6-8F19-16C506D1005D}.Debug|Any CPU.Build.0 = Debug|Any CPU
		{04A189D5-4FA8-41C6-8F19-16C506D1005D}.Release|Any CPU.ActiveCfg = Release|Any CPU
		{04A189D5-4FA8-41C6-8F19-16C506D1005D}.Release|Any CPU.Build.0 = Release|Any CPU
	EndGlobalSection
	GlobalSection(SolutionProperties) = preSolution
		HideSolutionNode = FALSE
	EndGlobalSection
	GlobalSection(ExtensibilityGlobals) = postSolution
		SolutionGuid = {3420F8AE-730A-481B-807D-91161675826E}
	EndGlobalSection
EndGlobal
